// !$*UTF8*$!
{
	archiveVersion = 1;
	classes = {
	};
	objectVersion = 56;
	objects = {

/* Begin PBXBuildFile section */
		CEDDB4ED2DC7649800B5C14B /* GerardRegisterApp.swift in Sources */ = {isa = PBXBuildFile; fileRef = CEDDB4EC2DC7649800B5C14B /* GerardRegisterApp.swift */; };
		CEDDB4EF2DC7649800B5C14B /* ContentView.swift in Sources */ = {isa = PBXBuildFile; fileRef = CEDDB4EE2DC7649800B5C14B /* ContentView.swift */; };
		CEDDB4F12DC7649C00B5C14B /* Assets.xcassets in Resources */ = {isa = PBXBuildFile; fileRef = CEDDB4F02DC7649C00B5C14B /* Assets.xcassets */; };
		CEDDB4F42DC7649C00B5C14B /* Preview Assets.xcassets in Resources */ = {isa = PBXBuildFile; fileRef = CEDDB4F32DC7649C00B5C14B /* Preview Assets.xcassets */; };
		CEDDB4FB2DC79F7700B5C14B /* HomeView.swift in Sources */ = {isa = PBXBuildFile; fileRef = CEDDB4FA2DC79F7700B5C14B /* HomeView.swift */; };
		CEDDB4FE2DC7E0B800B5C14B /* WelcomeView.swift in Sources */ = {isa = PBXBuildFile; fileRef = CEDDB4FD2DC7E0B800B5C14B /* WelcomeView.swift */; };
		CEDDB5002DC7E0F400B5C14B /* LoginView.swift in Sources */ = {isa = PBXBuildFile; fileRef = CEDDB4FF2DC7E0F400B5C14B /* LoginView.swift */; };
		CEDDB5022DC7E10B00B5C14B /* RegisterView.swift in Sources */ = {isa = PBXBuildFile; fileRef = CEDDB5012DC7E10B00B5C14B /* RegisterView.swift */; };
/* End PBXBuildFile section */

/* Begin PBXFileReference section */
		CEDDB4E92DC7649800B5C14B /* GerardRegister.app */ = {isa = PBXFileReference; explicitFileType = wrapper.application; includeInIndex = 0; path = GerardRegister.app; sourceTree = BUILT_PRODUCTS_DIR; };
		CEDDB4EC2DC7649800B5C14B /* GerardRegisterApp.swift */ = {isa = PBXFileReference; lastKnownFileType = sourcecode.swift; path = GerardRegisterApp.swift; sourceTree = "<group>"; };
		CEDDB4EE2DC7649800B5C14B /* ContentView.swift */ = {isa = PBXFileReference; lastKnownFileType = sourcecode.swift; path = ContentView.swift; sourceTree = "<group>"; };
		CEDDB4F02DC7649C00B5C14B /* Assets.xcassets */ = {isa = PBXFileReference; lastKnownFileType = folder.assetcatalog; path = Assets.xcassets; sourceTree = "<group>"; };
		CEDDB4F32DC7649C00B5C14B /* Preview Assets.xcassets */ = {isa = PBXFileReference; lastKnownFileType = folder.assetcatalog; path = "Preview Assets.xcassets"; sourceTree = "<group>"; };
		CEDDB4FA2DC79F7700B5C14B /* HomeView.swift */ = {isa = PBXFileReference; lastKnownFileType = sourcecode.swift; path = HomeView.swift; sourceTree = "<group>"; };
		CEDDB4FD2DC7E0B800B5C14B /* WelcomeView.swift */ = {isa = PBXFileReference; lastKnownFileType = sourcecode.swift; path = WelcomeView.swift; sourceTree = "<group>"; };
		CEDDB4FF2DC7E0F400B5C14B /* LoginView.swift */ = {isa = PBXFileReference; lastKnownFileType = sourcecode.swift; path = LoginView.swift; sourceTree = "<group>"; };
		CEDDB5012DC7E10B00B5C14B /* RegisterView.swift */ = {isa = PBXFileReference; lastKnownFileType = sourcecode.swift; path = RegisterView.swift; sourceTree = "<group>"; };
/* End PBXFileReference section */

/* Begin PBXFrameworksBuildPhase section */
		CEDDB4E62DC7649800B5C14B /* Frameworks */ = {
			isa = PBXFrameworksBuildPhase;
			buildActionMask = 2147483647;
			files = (
			);
			runOnlyForDeploymentPostprocessing = 0;
		};
/* End PBXFrameworksBuildPhase section */

/* Begin PBXGroup section */
		CEDDB4E02DC7649800B5C14B = {
			isa = PBXGroup;
			children = (
				CEDDB4EB2DC7649800B5C14B /* GerardRegister */,
				CEDDB4EA2DC7649800B5C14B /* Products */,
			);
			sourceTree = "<group>";
		};
		CEDDB4EA2DC7649800B5C14B /* Products */ = {
			isa = PBXGroup;
			children = (
				CEDDB4E92DC7649800B5C14B /* GerardRegister.app */,
			);
			name = Products;
			sourceTree = "<group>";
		};
		CEDDB4EB2DC7649800B5C14B /* GerardRegister */ = {
			isa = PBXGroup;
			children = (
				CEDDB4EC2DC7649800B5C14B /* GerardRegisterApp.swift */,
				CEDDB4EE2DC7649800B5C14B /* ContentView.swift */,
				CEDDB4FC2DC7E08E00B5C14B /* Views */,
				CEDDB4F02DC7649C00B5C14B /* Assets.xcassets */,
				CEDDB4F22DC7649C00B5C14B /* Preview Content */,
			);
			path = GerardRegister;
			sourceTree = "<group>";
		};
		CEDDB4F22DC7649C00B5C14B /* Preview Content */ = {
			isa = PBXGroup;
			children = (
				CEDDB4F32DC7649C00B5C14B /* Preview Assets.xcassets */,
			);
			path = "Preview Content";
			sourceTree = "<group>";
		};
		CEDDB4FC2DC7E08E00B5C14B /* Views */ = {
			isa = PBXGroup;
			children = (
				CEDDB4FD2DC7E0B800B5C14B /* WelcomeView.swift */,
				CEDDB4FF2DC7E0F400B5C14B /* LoginView.swift */,
				CEDDB5012DC7E10B00B5C14B /* RegisterView.swift */,
				CEDDB4FA2DC79F7700B5C14B /* HomeView.swift */,
			);
			path = Views;
			sourceTree = "<group>";
		};
/* End PBXGroup section */

/* Begin PBXNativeTarget section */
		CEDDB4E82DC7649800B5C14B /* GerardRegister */ = {
			isa = PBXNativeTarget;
			buildConfigurationList = CEDDB4F72DC7649C00B5C14B /* Build configuration list for PBXNativeTarget "GerardRegister" */;
			buildPhases = (
				CEDDB4E52DC7649800B5C14B /* Sources */,
				CEDDB4E62DC7649800B5C14B /* Frameworks */,
				CEDDB4E72DC7649800B5C14B /* Resources */,
			);
			buildRules = (
			);
			dependencies = (
			);
			name = GerardRegister;
			productName = GerardRegister;
			productReference = CEDDB4E92DC7649800B5C14B /* GerardRegister.app */;
			productType = "com.apple.product-type.application";
		};
/* End PBXNativeTarget section */

/* Begin PBXProject section */
		CEDDB4E12DC7649800B5C14B /* Project object */ = {
			isa = PBXProject;
			attributes = {
				BuildIndependentTargetsInParallel = 1;
				LastSwiftUpdateCheck = 1520;
				LastUpgradeCheck = 1520;
				TargetAttributes = {
					CEDDB4E82DC7649800B5C14B = {
						CreatedOnToolsVersion = 15.2;
					};
				};
			};
			buildConfigurationList = CEDDB4E42DC7649800B5C14B /* Build configuration list for PBXProject "GerardRegister" */;
			compatibilityVersion = "Xcode 14.0";
			developmentRegion = en;
			hasScannedForEncodings = 0;
			knownRegions = (
				en,
				Base,
			);
			mainGroup = CEDDB4E02DC7649800B5C14B;
			productRefGroup = CEDDB4EA2DC7649800B5C14B /* Products */;
			projectDirPath = "";
			projectRoot = "";
			targets = (
				CEDDB4E82DC7649800B5C14B /* GerardRegister */,
			);
		};
/* End PBXProject section */

/* Begin PBXResourcesBuildPhase section */
		CEDDB4E72DC7649800B5C14B /* Resources */ = {
			isa = PBXResourcesBuildPhase;
			buildActionMask = 2147483647;
			files = (
				CEDDB4F42DC7649C00B5C14B /* Preview Assets.xcassets in Resources */,
				CEDDB4F12DC7649C00B5C14B /* Assets.xcassets in Resources */,
			);
			runOnlyForDeploymentPostprocessing = 0;
		};
/* End PBXResourcesBuildPhase section */

/* Begin PBXSourcesBuildPhase section */
		CEDDB4E52DC7649800B5C14B /* Sources */ = {
			isa = PBXSourcesBuildPhase;
			buildActionMask = 2147483647;
			files = (
				CEDDB4FB2DC79F7700B5C14B /* HomeView.swift in Sources */,
				CEDDB4EF2DC7649800B5C14B /* ContentView.swift in Sources */,
				CEDDB4ED2DC7649800B5C14B /* GerardRegisterApp.swift in Sources */,
				CEDDB5022DC7E10B00B5C14B /* RegisterView.swift in Sources */,
				CEDDB5002DC7E0F400B5C14B /* LoginView.swift in Sources */,
				CEDDB4FE2DC7E0B800B5C14B /* WelcomeView.swift in Sources */,
			);
			runOnlyForDeploymentPostprocessing = 0;
		};
/* End PBXSourcesBuildPhase section */

/* Begin XCBuildConfiguration section */
		CEDDB4F52DC7649C00B5C14B /* Debug */ = {
			isa = XCBuildConfiguration;
			buildSettings = {
				ALWAYS_SEARCH_USER_PATHS = NO;
				ASSETCATALOG_COMPILER_GENERATE_SWIFT_ASSET_SYMBOL_EXTENSIONS = YES;
				CLANG_ANALYZER_NONNULL = YES;
				CLANG_ANALYZER_NUMBER_OBJECT_CONVERSION = YES_AGGRESSIVE;
				CLANG_CXX_LANGUAGE_STANDARD = "gnu++20";
				CLANG_ENABLE_MODULES = YES;
				CLANG_ENABLE_OBJC_ARC = YES;
				CLANG_ENABLE_OBJC_WEAK = YES;
				CLANG_WARN_BLOCK_CAPTURE_AUTORELEASING = YES;
				CLANG_WARN_BOOL_CONVERSION = YES;
				CLANG_WARN_COMMA = YES;
				CLANG_WARN_CONSTANT_CONVERSION = YES;
				CLANG_WARN_DEPRECATED_OBJC_IMPLEMENTATIONS = YES;
				CLANG_WARN_DIRECT_OBJC_ISA_USAGE = YES_ERROR;
				CLANG_WARN_DOCUMENTATION_COMMENTS = YES;
				CLANG_WARN_EMPTY_BODY = YES;
				CLANG_WARN_ENUM_CONVERSION = YES;
				CLANG_WARN_INFINITE_RECURSION = YES;
				CLANG_WARN_INT_CONVERSION = YES;
				CLANG_WARN_NON_LITERAL_NULL_CONVERSION = YES;
				CLANG_WARN_OBJC_IMPLICIT_RETAIN_SELF = YES;
				CLANG_WARN_OBJC_LITERAL_CONVERSION = YES;
				CLANG_WARN_OBJC_ROOT_CLASS = YES_ERROR;
				CLANG_WARN_QUOTED_INCLUDE_IN_FRAMEWORK_HEADER = YES;
				CLANG_WARN_RANGE_LOOP_ANALYSIS = YES;
				CLANG_WARN_STRICT_PROTOTYPES = YES;
				CLANG_WARN_SUSPICIOUS_MOVE = YES;
				CLANG_WARN_UNGUARDED_AVAILABILITY = YES_AGGRESSIVE;
				CLANG_WARN_UNREACHABLE_CODE = YES;
				CLANG_WARN__DUPLICATE_METHOD_MATCH = YES;
				COPY_PHASE_STRIP = NO;
				DEBUG_INFORMATION_FORMAT = dwarf;
				ENABLE_STRICT_OBJC_MSGSEND = YES;
				ENABLE_TESTABILITY = YES;
				ENABLE_USER_SCRIPT_SANDBOXING = YES;
				GCC_C_LANGUAGE_STANDARD = gnu17;
				GCC_DYNAMIC_NO_PIC = NO;
				GCC_NO_COMMON_BLOCKS = YES;
				GCC_OPTIMIZATION_LEVEL = 0;
				GCC_PREPROCESSOR_DEFINITIONS = (
					"DEBUG=1",
					"$(inherited)",
				);
				GCC_WARN_64_TO_32_BIT_CONVERSION = YES;
				GCC_WARN_ABOUT_RETURN_TYPE = YES_ERROR;
				GCC_WARN_UNDECLARED_SELECTOR = YES;
				GCC_WARN_UNINITIALIZED_AUTOS = YES_AGGRESSIVE;
				GCC_WARN_UNUSED_FUNCTION = YES;
				GCC_WARN_UNUSED_VARIABLE = YES;
				IPHONEOS_DEPLOYMENT_TARGET = 17.2;
				LOCALIZATION_PREFERS_STRING_CATALOGS = YES;
				MTL_ENABLE_DEBUG_INFO = INCLUDE_SOURCE;
				MTL_FAST_MATH = YES;
				ONLY_ACTIVE_ARCH = YES;
				SDKROOT = iphoneos;
				SWIFT_ACTIVE_COMPILATION_CONDITIONS = "DEBUG $(inherited)";
				SWIFT_OPTIMIZATION_LEVEL = "-Onone";
			};
			name = Debug;
		};
		CEDDB4F62DC7649C00B5C14B /* Release */ = {
			isa = XCBuildConfiguration;
			buildSettings = {
				ALWAYS_SEARCH_USER_PATHS = NO;
				ASSETCATALOG_COMPILER_GENERATE_SWIFT_ASSET_SYMBOL_EXTENSIONS = YES;
				CLANG_ANALYZER_NONNULL = YES;
				CLANG_ANALYZER_NUMBER_OBJECT_CONVERSION = YES_AGGRESSIVE;
				CLANG_CXX_LANGUAGE_STANDARD = "gnu++20";
				CLANG_ENABLE_MODULES = YES;
				CLANG_ENABLE_OBJC_ARC = YES;
				CLANG_ENABLE_OBJC_WEAK = YES;
				CLANG_WARN_BLOCK_CAPTURE_AUTORELEASING = YES;
				CLANG_WARN_BOOL_CONVERSION = YES;
				CLANG_WARN_COMMA = YES;
				CLANG_WARN_CONSTANT_CONVERSION = YES;
				CLANG_WARN_DEPRECATED_OBJC_IMPLEMENTATIONS = YES;
				CLANG_WARN_DIRECT_OBJC_ISA_USAGE = YES_ERROR;
				CLANG_WARN_DOCUMENTATION_COMMENTS = YES;
				CLANG_WARN_EMPTY_BODY = YES;
				CLANG_WARN_ENUM_CONVERSION = YES;
				CLANG_WARN_INFINITE_RECURSION = YES;
				CLANG_WARN_INT_CONVERSION = YES;
				CLANG_WARN_NON_LITERAL_NULL_CONVERSION = YES;
				CLANG_WARN_OBJC_IMPLICIT_RETAIN_SELF = YES;
				CLANG_WARN_OBJC_LITERAL_CONVERSION = YES;
				CLANG_WARN_OBJC_ROOT_CLASS = YES_ERROR;
				CLANG_WARN_QUOTED_INCLUDE_IN_FRAMEWORK_HEADER = YES;
				CLANG_WARN_RANGE_LOOP_ANALYSIS = YES;
				CLANG_WARN_STRICT_PROTOTYPES = YES;
				CLANG_WARN_SUSPICIOUS_MOVE = YES;
				CLANG_WARN_UNGUARDED_AVAILABILITY = YES_AGGRESSIVE;
				CLANG_WARN_UNREACHABLE_CODE = YES;
				CLANG_WARN__DUPLICATE_METHOD_MATCH = YES;
				COPY_PHASE_STRIP = NO;
				DEBUG_INFORMATION_FORMAT = "dwarf-with-dsym";
				ENABLE_NS_ASSERTIONS = NO;
				ENABLE_STRICT_OBJC_MSGSEND = YES;
				ENABLE_USER_SCRIPT_SANDBOXING = YES;
				GCC_C_LANGUAGE_STANDARD = gnu17;
				GCC_NO_COMMON_BLOCKS = YES;
				GCC_WARN_64_TO_32_BIT_CONVERSION = YES;
				GCC_WARN_ABOUT_RETURN_TYPE = YES_ERROR;
				GCC_WARN_UNDECLARED_SELECTOR = YES;
				GCC_WARN_UNINITIALIZED_AUTOS = YES_AGGRESSIVE;
				GCC_WARN_UNUSED_FUNCTION = YES;
				GCC_WARN_UNUSED_VARIABLE = YES;
				IPHONEOS_DEPLOYMENT_TARGET = 17.2;
				LOCALIZATION_PREFERS_STRING_CATALOGS = YES;
				MTL_ENABLE_DEBUG_INFO = NO;
				MTL_FAST_MATH = YES;
				SDKROOT = iphoneos;
				SWIFT_COMPILATION_MODE = wholemodule;
				VALIDATE_PRODUCT = YES;
			};
			name = Release;
		};
		CEDDB4F82DC7649C00B5C14B /* Debug */ = {
			isa = XCBuildConfiguration;
			buildSettings = {
				ASSETCATALOG_COMPILER_APPICON_NAME = AppIcon;
				ASSETCATALOG_COMPILER_GLOBAL_ACCENT_COLOR_NAME = AccentColor;
				CODE_SIGN_STYLE = Automatic;
				CURRENT_PROJECT_VERSION = 1;
				DEVELOPMENT_ASSET_PATHS = "\"GerardRegister/Preview Content\"";
				DEVELOPMENT_TEAM = 4KU6NHG927;
				ENABLE_PREVIEWS = YES;
				GENERATE_INFOPLIST_FILE = YES;
				INFOPLIST_KEY_UIApplicationSceneManifest_Generation = YES;
				INFOPLIST_KEY_UIApplicationSupportsIndirectInputEvents = YES;
				INFOPLIST_KEY_UILaunchScreen_Generation = YES;
				INFOPLIST_KEY_UISupportedInterfaceOrientations_iPad = "UIInterfaceOrientationPortrait UIInterfaceOrientationPortraitUpsideDown UIInterfaceOrientationLandscapeLeft UIInterfaceOrientationLandscapeRight";
				INFOPLIST_KEY_UISupportedInterfaceOrientations_iPhone = "UIInterfaceOrientationPortrait UIInterfaceOrientationLandscapeLeft UIInterfaceOrientationLandscapeRight";
				LD_RUNPATH_SEARCH_PATHS = (
					"$(inherited)",
					"@executable_path/Frameworks",
				);
				MARKETING_VERSION = 1.0;
				PRODUCT_BUNDLE_IDENTIFIER = Hyliard.GerardRegister;
				PRODUCT_NAME = "$(TARGET_NAME)";
				SWIFT_EMIT_LOC_STRINGS = YES;
				SWIFT_VERSION = 5.0;
				TARGETED_DEVICE_FAMILY = "1,2";
			};
			name = Debug;
		};
		CEDDB4F92DC7649C00B5C14B /* Release */ = {
			isa = XCBuildConfiguration;
			buildSettings = {
				ASSETCATALOG_COMPILER_APPICON_NAME = AppIcon;
				ASSETCATALOG_COMPILER_GLOBAL_ACCENT_COLOR_NAME = AccentColor;
				CODE_SIGN_STYLE = Automatic;
				CURRENT_PROJECT_VERSION = 1;
				DEVELOPMENT_ASSET_PATHS = "\"GerardRegister/Preview Content\"";
				DEVELOPMENT_TEAM = 4KU6NHG927;
				ENABLE_PREVIEWS = YES;
				GENERATE_INFOPLIST_FILE = YES;
				INFOPLIST_KEY_UIApplicationSceneManifest_Generation = YES;
				INFOPLIST_KEY_UIApplicationSupportsIndirectInputEvents = YES;
				INFOPLIST_KEY_UILaunchScreen_Generation = YES;
				INFOPLIST_KEY_UISupportedInterfaceOrientations_iPad = "UIInterfaceOrientationPortrait UIInterfaceOrientationPortraitUpsideDown UIInterfaceOrientationLandscapeLeft UIInterfaceOrientationLandscapeRight";
				INFOPLIST_KEY_UISupportedInterfaceOrientations_iPhone = "UIInterfaceOrientationPortrait UIInterfaceOrientationLandscapeLeft UIInterfaceOrientationLandscapeRight";
				LD_RUNPATH_SEARCH_PATHS = (
					"$(inherited)",
					"@executable_path/Frameworks",
				);
				MARKETING_VERSION = 1.0;
				PRODUCT_BUNDLE_IDENTIFIER = Hyliard.GerardRegister;
				PRODUCT_NAME = "$(TARGET_NAME)";
				SWIFT_EMIT_LOC_STRINGS = YES;
				SWIFT_VERSION = 5.0;
				TARGETED_DEVICE_FAMILY = "1,2";
			};
			name = Release;
		};
/* End XCBuildConfiguration section */

/* Begin XCConfigurationList section */
		CEDDB4E42DC7649800B5C14B /* Build configuration list for PBXProject "GerardRegister" */ = {
			isa = XCConfigurationList;
			buildConfigurations = (
				CEDDB4F52DC7649C00B5C14B /* Debug */,
				CEDDB4F62DC7649C00B5C14B /* Release */,
			);
			defaultConfigurationIsVisible = 0;
			defaultConfigurationName = Release;
		};
		CEDDB4F72DC7649C00B5C14B /* Build configuration list for PBXNativeTarget "GerardRegister" */ = {
			isa = XCConfigurationList;
			buildConfigurations = (
				CEDDB4F82DC7649C00B5C14B /* Debug */,
				CEDDB4F92DC7649C00B5C14B /* Release */,
			);
			defaultConfigurationIsVisible = 0;
			defaultConfigurationName = Release;
		};
/* End XCConfigurationList section */
	};
	rootObject = CEDDB4E12DC7649800B5C14B /* Project object */;
}
